<?xml version="1.0" encoding="UTF-8"?>
<CONFIG>
  <ProjectOptions>
    <Version Value="9"/>
    <General>
      <Flags>
        <MainUnitHasCreateFormStatements Value="False"/>
        <MainUnitHasTitleStatement Value="False"/>
      </Flags>
      <SessionStorage Value="InProjectDir"/>
      <MainUnit Value="0"/>
      <Title Value="clipbrd_broker"/>
    </General>
    <BuildModes Count="2">
      <Item1 Name="Debug" Default="True"/>
      <Item2 Name="Release"/>
    </BuildModes>
    <PublishOptions>
      <Version Value="2"/>
    </PublishOptions>
    <RunParams>
      <local>
        <FormatVersion Value="1"/>
        <CommandLineParams Value="--config broker.ini"/>
      </local>
    </RunParams>
    <Units Count="9">
      <Unit0>
        <Filename Value="clipbrd_broker.lpr"/>
        <IsPartOfProject Value="True"/>
      </Unit0>
      <Unit1>
        <Filename Value="broker_server.pas"/>
        <IsPartOfProject Value="True"/>
      </Unit1>
      <Unit2>
        <Filename Value="broker_session.pas"/>
        <IsPartOfProject Value="True"/>
      </Unit2>
      <Unit3>
        <Filename Value="broker_router.pas"/>
        <IsPartOfProject Value="True"/>
      </Unit3>
      <Unit4>
        <Filename Value="broker_registry.pas"/>
        <IsPartOfProject Value="True"/>
      </Unit4>
      <Unit5>
        <Filename Value="broker_db.pas"/>
        <IsPartOfProject Value="True"/>
      </Unit5>
      <Unit6>
        <Filename Value="broker_config.pas"/>
        <IsPartOfProject Value="True"/>
      </Unit6>
      <Unit7>
        <Filename Value="broker_logger.pas"/>
        <IsPartOfProject Value="True"/>
      </Unit7>
    </Units>
  </ProjectOptions>
  <CompilerOptions>
    <Version Value="11"/>
    <Target>
      <Filename Value="clipbrd_broker"/>
    </Target>
    <SearchPaths>
      <IncludeFiles Value="$(ProjOutDir)"/>
      <OtherUnitFiles Value="../protocol;../compat"/>
      <UnitOutputDirectory Value="lib/$(TargetCPU)-$(TargetOS)"/>
    </SearchPaths>
    <Parsing>
      <SyntaxOptions>
        <UseAnsiStrings Value="True"/>
      </SyntaxOptions>
    </Parsing>
    <CodeGeneration>
      <Checks>
        <IOChecks Value="True"/>
        <RangeChecks Value="True"/>
      </Checks>
      <Optimizations>
        <OptimizationLevel Value="1"/>
      </Optimizations>
    </CodeGeneration>
    <Linking>
      <Debugging>
        <DebugInfoType Value="dsDwarf3"/>
        <UseHeaptrc Value="True"/>
      </Debugging>
      <Libraries>
        <LibraryPath Value=""/>
      </Libraries>
      <Options>
        <LinkerOptions Value=""/>
        <Win32>
          <GraphicApplication Value="False"/>
        </Win32>
      </Options>
    </Linking>
    <Other>
      <CompilerMessages>
        <IgnoredMessages idx5024="True"/>
      </CompilerMessages>
      <CustomOptions Value="-k-lsqlite3"/>
      <CompilerPath Value="$(CompPath)"/>
    </Other>
  </CompilerOptions>
  <BuildModes>
    <Item Name="Debug" Default="True"/>
    <Item Name="Release">
      <CompilerOptions>
        <Version Value="11"/>
        <CodeGeneration>
          <SmartLinkUnit Value="True"/>
          <Checks>
            <IOChecks Value="False"/>
            <RangeChecks Value="False"/>
          </Checks>
          <Optimizations>
            <OptimizationLevel Value="3"/>
          </Optimizations>
        </CodeGeneration>
        <Linking>
          <Debugging>
            <GenerateDebugInfo Value="False"/>
            <UseHeaptrc Value="False"/>
          </Debugging>
          <LinkSmart Value="True"/>
        </Linking>
      </CompilerOptions>
    </Item>
  </BuildModes>
</CONFIG>
